# This file is automatically @generated by Poetry 1.8.3 and should not be changed by hand.

[[package]]
name = "async-timeout"
version = "4.0.3"
description = "Timeout context manager for asyncio programs"
optional = false
python-versions = ">=3.7"
files = [
    {file = "async-timeout-4.0.3.tar.gz", hash = "sha256:4640d96be84d82d02ed59ea2b7105a0f7b33abe8703703cd0ab0bf87c427522f"},
    {file = "async_timeout-4.0.3-py3-none-any.whl", hash = "sha256:7405140ff1230c310e51dc27b3145b9092d659ce68ff733fb0cefe3ee42be028"},
]

[[package]]
name = "certifi"
version = "2024.6.2"
description = "Python package for providing Mozilla's CA Bundle."
optional = false
python-versions = ">=3.6"
files = [
    {file = "certifi-2024.6.2-py3-none-any.whl", hash = "sha256:ddc6c8ce995e6987e7faf5e3f1b02b302836a0e5d98ece18392cb1a36c72ad56"},
    {file = "certifi-2024.6.2.tar.gz", hash = "sha256:3cd43f1c6fa7dedc5899d69d3ad0398fd018ad1a17fba83ddaf78aa46c747516"},
]

[[package]]
name = "charset-normalizer"
version = "3.3.2"
description = "The Real First Universal Charset Detector. Open, modern and actively maintained alternative to Chardet."
optional = false
python-versions = ">=3.7.0"
files = [
    {file = "charset-normalizer-3.3.2.tar.gz", hash = "sha256:f30c3cb33b24454a82faecaf01b19c18562b1e89558fb6c56de4d9118a032fd5"},
    {file = "charset_normalizer-3.3.2-cp310-cp310-macosx_10_9_universal2.whl", hash = "sha256:25baf083bf6f6b341f4121c2f3c548875ee6f5339300e08be3f2b2ba1721cdd3"},
    {file = "charset_normalizer-3.3.2-cp310-cp310-macosx_10_9_x86_64.whl", hash = "sha256:06435b539f889b1f6f4ac1758871aae42dc3a8c0e24ac9e60c2384973ad73027"},
    {file = "charset_normalizer-3.3.2-cp310-cp310-macosx_11_0_arm64.whl", hash = "sha256:9063e24fdb1e498ab71cb7419e24622516c4a04476b17a2dab57e8baa30d6e03"},
    {file = "charset_normalizer-3.3.2-cp310-cp310-manylinux_2_17_aarch64.manylinux2014_aarch64.whl", hash = "sha256:6897af51655e3691ff853668779c7bad41579facacf5fd7253b0133308cf000d"},
    {file = "charset_normalizer-3.3.2-cp310-cp310-manylinux_2_17_ppc64le.manylinux2014_ppc64le.whl", hash = "sha256:1d3193f4a680c64b4b6a9115943538edb896edc190f0b222e73761716519268e"},
    {file = "charset_normalizer-3.3.2-cp310-cp310-manylinux_2_17_s390x.manylinux2014_s390x.whl", hash = "sha256:cd70574b12bb8a4d2aaa0094515df2463cb429d8536cfb6c7ce983246983e5a6"},
    {file = "charset_normalizer-3.3.2-cp310-cp310-manylinux_2_17_x86_64.manylinux2014_x86_64.whl", hash = "sha256:8465322196c8b4d7ab6d1e049e4c5cb460d0394da4a27d23cc242fbf0034b6b5"},
    {file = "charset_normalizer-3.3.2-cp310-cp310-manylinux_2_5_i686.manylinux1_i686.manylinux_2_17_i686.manylinux2014_i686.whl", hash = "sha256:a9a8e9031d613fd2009c182b69c7b2c1ef8239a0efb1df3f7c8da66d5dd3d537"},
    {file = "charset_normalizer-3.3.2-cp310-cp310-musllinux_1_1_aarch64.whl", hash = "sha256:beb58fe5cdb101e3a055192ac291b7a21e3b7ef4f67fa1d74e331a7f2124341c"},
    {file = "charset_normalizer-3.3.2-cp310-cp310-musllinux_1_1_i686.whl", hash = "sha256:e06ed3eb3218bc64786f7db41917d4e686cc4856944f53d5bdf83a6884432e12"},
    {file = "charset_normalizer-3.3.2-cp310-cp310-musllinux_1_1_ppc64le.whl", hash = "sha256:2e81c7b9c8979ce92ed306c249d46894776a909505d8f5a4ba55b14206e3222f"},
    {file = "charset_normalizer-3.3.2-cp310-cp310-musllinux_1_1_s390x.whl", hash = "sha256:572c3763a264ba47b3cf708a44ce965d98555f618ca42c926a9c1616d8f34269"},
    {file = "charset_normalizer-3.3.2-cp310-cp310-musllinux_1_1_x86_64.whl", hash = "sha256:fd1abc0d89e30cc4e02e4064dc67fcc51bd941eb395c502aac3ec19fab46b519"},
    {file = "charset_normalizer-3.3.2-cp310-cp310-win32.whl", hash = "sha256:3d47fa203a7bd9c5b6cee4736ee84ca03b8ef23193c0d1ca99b5089f72645c73"},
    {file = "charset_normalizer-3.3.2-cp310-cp310-win_amd64.whl", hash = "sha256:10955842570876604d404661fbccbc9c7e684caf432c09c715ec38fbae45ae09"},
    {file = "charset_normalizer-3.3.2-cp311-cp311-macosx_10_9_universal2.whl", hash = "sha256:802fe99cca7457642125a8a88a084cef28ff0cf9407060f7b93dca5aa25480db"},
    {file = "charset_normalizer-3.3.2-cp311-cp311-macosx_10_9_x86_64.whl", hash = "sha256:573f6eac48f4769d667c4442081b1794f52919e7edada77495aaed9236d13a96"},
    {file = "charset_normalizer-3.3.2-cp311-cp311-macosx_11_0_arm64.whl", hash = "sha256:549a3a73da901d5bc3ce8d24e0600d1fa85524c10287f6004fbab87672bf3e1e"},
    {file = "charset_normalizer-3.3.2-cp311-cp311-manylinux_2_17_aarch64.manylinux2014_aarch64.whl", hash = "sha256:f27273b60488abe721a075bcca6d7f3964f9f6f067c8c4c605743023d7d3944f"},
    {file = "charset_normalizer-3.3.2-cp311-cp311-manylinux_2_17_ppc64le.manylinux2014_ppc64le.whl", hash = "sha256:1ceae2f17a9c33cb48e3263960dc5fc8005351ee19db217e9b1bb15d28c02574"},
    {file = "charset_normalizer-3.3.2-cp311-cp311-manylinux_2_17_s390x.manylinux2014_s390x.whl", hash = "sha256:65f6f63034100ead094b8744b3b97965785388f308a64cf8d7c34f2f2e5be0c4"},
    {file = "charset_normalizer-3.3.2-cp311-cp311-manylinux_2_17_x86_64.manylinux2014_x86_64.whl", hash = "sha256:753f10e867343b4511128c6ed8c82f7bec3bd026875576dfd88483c5c73b2fd8"},
    {file = "charset_normalizer-3.3.2-cp311-cp311-manylinux_2_5_i686.manylinux1_i686.manylinux_2_17_i686.manylinux2014_i686.whl", hash = "sha256:4a78b2b446bd7c934f5dcedc588903fb2f5eec172f3d29e52a9096a43722adfc"},
    {file = "charset_normalizer-3.3.2-cp311-cp311-musllinux_1_1_aarch64.whl", hash = "sha256:e537484df0d8f426ce2afb2d0f8e1c3d0b114b83f8850e5f2fbea0e797bd82ae"},
    {file = "charset_normalizer-3.3.2-cp311-cp311-musllinux_1_1_i686.whl", hash = "sha256:eb6904c354526e758fda7167b33005998fb68c46fbc10e013ca97f21ca5c8887"},
    {file = "charset_normalizer-3.3.2-cp311-cp311-musllinux_1_1_ppc64le.whl", hash = "sha256:deb6be0ac38ece9ba87dea880e438f25ca3eddfac8b002a2ec3d9183a454e8ae"},
    {file = "charset_normalizer-3.3.2-cp311-cp311-musllinux_1_1_s390x.whl", hash = "sha256:4ab2fe47fae9e0f9dee8c04187ce5d09f48eabe611be8259444906793ab7cbce"},
    {file = "charset_normalizer-3.3.2-cp311-cp311-musllinux_1_1_x86_64.whl", hash = "sha256:80402cd6ee291dcb72644d6eac93785fe2c8b9cb30893c1af5b8fdd753b9d40f"},
    {file = "charset_normalizer-3.3.2-cp311-cp311-win32.whl", hash = "sha256:7cd13a2e3ddeed6913a65e66e94b51d80a041145a026c27e6bb76c31a853c6ab"},
    {file = "charset_normalizer-3.3.2-cp311-cp311-win_amd64.whl", hash = "sha256:663946639d296df6a2bb2aa51b60a2454ca1cb29835324c640dafb5ff2131a77"},
    {file = "charset_normalizer-3.3.2-cp312-cp312-macosx_10_9_universal2.whl", hash = "sha256:0b2b64d2bb6d3fb9112bafa732def486049e63de9618b5843bcdd081d8144cd8"},
    {file = "charset_normalizer-3.3.2-cp312-cp312-macosx_10_9_x86_64.whl", hash = "sha256:ddbb2551d7e0102e7252db79ba445cdab71b26640817ab1e3e3648dad515003b"},
    {file = "charset_normalizer-3.3.2-cp312-cp312-macosx_11_0_arm64.whl", hash = "sha256:55086ee1064215781fff39a1af09518bc9255b50d6333f2e4c74ca09fac6a8f6"},
    {file = "charset_normalizer-3.3.2-cp312-cp312-manylinux_2_17_aarch64.manylinux2014_aarch64.whl", hash = "sha256:8f4a014bc36d3c57402e2977dada34f9c12300af536839dc38c0beab8878f38a"},
    {file = "charset_normalizer-3.3.2-cp312-cp312-manylinux_2_17_ppc64le.manylinux2014_ppc64le.whl", hash = "sha256:a10af20b82360ab00827f916a6058451b723b4e65030c5a18577c8b2de5b3389"},
    {file = "charset_normalizer-3.3.2-cp312-cp312-manylinux_2_17_s390x.manylinux2014_s390x.whl", hash = "sha256:8d756e44e94489e49571086ef83b2bb8ce311e730092d2c34ca8f7d925cb20aa"},
    {file = "charset_normalizer-3.3.2-cp312-cp312-manylinux_2_17_x86_64.manylinux2014_x86_64.whl", hash = "sha256:90d558489962fd4918143277a773316e56c72da56ec7aa3dc3dbbe20fdfed15b"},
    {file = "charset_normalizer-3.3.2-cp312-cp312-manylinux_2_5_i686.manylinux1_i686.manylinux_2_17_i686.manylinux2014_i686.whl", hash = "sha256:6ac7ffc7ad6d040517be39eb591cac5ff87416c2537df6ba3cba3bae290c0fed"},
    {file = "charset_normalizer-3.3.2-cp312-cp312-musllinux_1_1_aarch64.whl", hash = "sha256:7ed9e526742851e8d5cc9e6cf41427dfc6068d4f5a3bb03659444b4cabf6bc26"},
    {file = "charset_normalizer-3.3.2-cp312-cp312-musllinux_1_1_i686.whl", hash = "sha256:8bdb58ff7ba23002a4c5808d608e4e6c687175724f54a5dade5fa8c67b604e4d"},
    {file = "charset_normalizer-3.3.2-cp312-cp312-musllinux_1_1_ppc64le.whl", hash = "sha256:6b3251890fff30ee142c44144871185dbe13b11bab478a88887a639655be1068"},
    {file = "charset_normalizer-3.3.2-cp312-cp312-musllinux_1_1_s390x.whl", hash = "sha256:b4a23f61ce87adf89be746c8a8974fe1c823c891d8f86eb218bb957c924bb143"},
    {file = "charset_normalizer-3.3.2-cp312-cp312-musllinux_1_1_x86_64.whl", hash = "sha256:efcb3f6676480691518c177e3b465bcddf57cea040302f9f4e6e191af91174d4"},
    {file = "charset_normalizer-3.3.2-cp312-cp312-win32.whl", hash = "sha256:d965bba47ddeec8cd560687584e88cf699fd28f192ceb452d1d7ee807c5597b7"},
    {file = "charset_normalizer-3.3.2-cp312-cp312-win_amd64.whl", hash = "sha256:96b02a3dc4381e5494fad39be677abcb5e6634bf7b4fa83a6dd3112607547001"},
    {file = "charset_normalizer-3.3.2-cp37-cp37m-macosx_10_9_x86_64.whl", hash = "sha256:95f2a5796329323b8f0512e09dbb7a1860c46a39da62ecb2324f116fa8fdc85c"},
    {file = "charset_normalizer-3.3.2-cp37-cp37m-manylinux_2_17_aarch64.manylinux2014_aarch64.whl", hash = "sha256:c002b4ffc0be611f0d9da932eb0f704fe2602a9a949d1f738e4c34c75b0863d5"},
    {file = "charset_normalizer-3.3.2-cp37-cp37m-manylinux_2_17_ppc64le.manylinux2014_ppc64le.whl", hash = "sha256:a981a536974bbc7a512cf44ed14938cf01030a99e9b3a06dd59578882f06f985"},
    {file = "charset_normalizer-3.3.2-cp37-cp37m-manylinux_2_17_s390x.manylinux2014_s390x.whl", hash = "sha256:3287761bc4ee9e33561a7e058c72ac0938c4f57fe49a09eae428fd88aafe7bb6"},
    {file = "charset_normalizer-3.3.2-cp37-cp37m-manylinux_2_17_x86_64.manylinux2014_x86_64.whl", hash = "sha256:42cb296636fcc8b0644486d15c12376cb9fa75443e00fb25de0b8602e64c1714"},
    {file = "charset_normalizer-3.3.2-cp37-cp37m-manylinux_2_5_i686.manylinux1_i686.manylinux_2_17_i686.manylinux2014_i686.whl", hash = "sha256:0a55554a2fa0d408816b3b5cedf0045f4b8e1a6065aec45849de2d6f3f8e9786"},
    {file = "charset_normalizer-3.3.2-cp37-cp37m-musllinux_1_1_aarch64.whl", hash = "sha256:c083af607d2515612056a31f0a8d9e0fcb5876b7bfc0abad3ecd275bc4ebc2d5"},
    {file = "charset_normalizer-3.3.2-cp37-cp37m-musllinux_1_1_i686.whl", hash = "sha256:87d1351268731db79e0f8e745d92493ee2841c974128ef629dc518b937d9194c"},
    {file = "charset_normalizer-3.3.2-cp37-cp37m-musllinux_1_1_ppc64le.whl", hash = "sha256:bd8f7df7d12c2db9fab40bdd87a7c09b1530128315d047a086fa3ae3435cb3a8"},
    {file = "charset_normalizer-3.3.2-cp37-cp37m-musllinux_1_1_s390x.whl", hash = "sha256:c180f51afb394e165eafe4ac2936a14bee3eb10debc9d9e4db8958fe36afe711"},
    {file = "charset_normalizer-3.3.2-cp37-cp37m-musllinux_1_1_x86_64.whl", hash = "sha256:8c622a5fe39a48f78944a87d4fb8a53ee07344641b0562c540d840748571b811"},
    {file = "charset_normalizer-3.3.2-cp37-cp37m-win32.whl", hash = "sha256:db364eca23f876da6f9e16c9da0df51aa4f104a972735574842618b8c6d999d4"},
    {file = "charset_normalizer-3.3.2-cp37-cp37m-win_amd64.whl", hash = "sha256:86216b5cee4b06df986d214f664305142d9c76df9b6512be2738aa72a2048f99"},
    {file = "charset_normalizer-3.3.2-cp38-cp38-macosx_10_9_universal2.whl", hash = "sha256:6463effa3186ea09411d50efc7d85360b38d5f09b870c48e4600f63af490e56a"},
    {file = "charset_normalizer-3.3.2-cp38-cp38-macosx_10_9_x86_64.whl", hash = "sha256:6c4caeef8fa63d06bd437cd4bdcf3ffefe6738fb1b25951440d80dc7df8c03ac"},
    {file = "charset_normalizer-3.3.2-cp38-cp38-macosx_11_0_arm64.whl", hash = "sha256:37e55c8e51c236f95b033f6fb391d7d7970ba5fe7ff453dad675e88cf303377a"},
    {file = "charset_normalizer-3.3.2-cp38-cp38-manylinux_2_17_aarch64.manylinux2014_aarch64.whl", hash = "sha256:fb69256e180cb6c8a894fee62b3afebae785babc1ee98b81cdf68bbca1987f33"},
    {file = "charset_normalizer-3.3.2-cp38-cp38-manylinux_2_17_ppc64le.manylinux2014_ppc64le.whl", hash = "sha256:ae5f4161f18c61806f411a13b0310bea87f987c7d2ecdbdaad0e94eb2e404238"},
    {file = "charset_normalizer-3.3.2-cp38-cp38-manylinux_2_17_s390x.manylinux2014_s390x.whl", hash = "sha256:b2b0a0c0517616b6869869f8c581d4eb2dd83a4d79e0ebcb7d373ef9956aeb0a"},
    {file = "charset_normalizer-3.3.2-cp38-cp38-manylinux_2_17_x86_64.manylinux2014_x86_64.whl", hash = "sha256:45485e01ff4d3630ec0d9617310448a8702f70e9c01906b0d0118bdf9d124cf2"},
    {file = "charset_normalizer-3.3.2-cp38-cp38-manylinux_2_5_i686.manylinux1_i686.manylinux_2_17_i686.manylinux2014_i686.whl", hash = "sha256:eb00ed941194665c332bf8e078baf037d6c35d7c4f3102ea2d4f16ca94a26dc8"},
    {file = "charset_normalizer-3.3.2-cp38-cp38-musllinux_1_1_aarch64.whl", hash = "sha256:2127566c664442652f024c837091890cb1942c30937add288223dc895793f898"},
    {file = "charset_normalizer-3.3.2-cp38-cp38-musllinux_1_1_i686.whl", hash = "sha256:a50aebfa173e157099939b17f18600f72f84eed3049e743b68ad15bd69b6bf99"},
    {file = "charset_normalizer-3.3.2-cp38-cp38-musllinux_1_1_ppc64le.whl", hash = "sha256:4d0d1650369165a14e14e1e47b372cfcb31d6ab44e6e33cb2d4e57265290044d"},
    {file = "charset_normalizer-3.3.2-cp38-cp38-musllinux_1_1_s390x.whl", hash = "sha256:923c0c831b7cfcb071580d3f46c4baf50f174be571576556269530f4bbd79d04"},
    {file = "charset_normalizer-3.3.2-cp38-cp38-musllinux_1_1_x86_64.whl", hash = "sha256:06a81e93cd441c56a9b65d8e1d043daeb97a3d0856d177d5c90ba85acb3db087"},
    {file = "charset_normalizer-3.3.2-cp38-cp38-win32.whl", hash = "sha256:6ef1d82a3af9d3eecdba2321dc1b3c238245d890843e040e41e470ffa64c3e25"},
    {file = "charset_normalizer-3.3.2-cp38-cp38-win_amd64.whl", hash = "sha256:eb8821e09e916165e160797a6c17edda0679379a4be5c716c260e836e122f54b"},
    {file = "charset_normalizer-3.3.2-cp39-cp39-macosx_10_9_universal2.whl", hash = "sha256:c235ebd9baae02f1b77bcea61bce332cb4331dc3617d254df3323aa01ab47bd4"},
    {file = "charset_normalizer-3.3.2-cp39-cp39-macosx_10_9_x86_64.whl", hash = "sha256:5b4c145409bef602a690e7cfad0a15a55c13320ff7a3ad7ca59c13bb8ba4d45d"},
    {file = "charset_normalizer-3.3.2-cp39-cp39-macosx_11_0_arm64.whl", hash = "sha256:68d1f8a9e9e37c1223b656399be5d6b448dea850bed7d0f87a8311f1ff3dabb0"},
    {file = "charset_normalizer-3.3.2-cp39-cp39-manylinux_2_17_aarch64.manylinux2014_aarch64.whl", hash = "sha256:22afcb9f253dac0696b5a4be4a1c0f8762f8239e21b99680099abd9b2b1b2269"},
    {file = "charset_normalizer-3.3.2-cp39-cp39-manylinux_2_17_ppc64le.manylinux2014_ppc64le.whl", hash = "sha256:e27ad930a842b4c5eb8ac0016b0a54f5aebbe679340c26101df33424142c143c"},
    {file = "charset_normalizer-3.3.2-cp39-cp39-manylinux_2_17_s390x.manylinux2014_s390x.whl", hash = "sha256:1f79682fbe303db92bc2b1136016a38a42e835d932bab5b3b1bfcfbf0640e519"},
    {file = "charset_normalizer-3.3.2-cp39-cp39-manylinux_2_17_x86_64.manylinux2014_x86_64.whl", hash = "sha256:b261ccdec7821281dade748d088bb6e9b69e6d15b30652b74cbbac25e280b796"},
    {file = "charset_normalizer-3.3.2-cp39-cp39-manylinux_2_5_i686.manylinux1_i686.manylinux_2_17_i686.manylinux2014_i686.whl", hash = "sha256:122c7fa62b130ed55f8f285bfd56d5f4b4a5b503609d181f9ad85e55c89f4185"},
    {file = "charset_normalizer-3.3.2-cp39-cp39-musllinux_1_1_aarch64.whl", hash = "sha256:d0eccceffcb53201b5bfebb52600a5fb483a20b61da9dbc885f8b103cbe7598c"},
    {file = "charset_normalizer-3.3.2-cp39-cp39-musllinux_1_1_i686.whl", hash = "sha256:9f96df6923e21816da7e0ad3fd47dd8f94b2a5ce594e00677c0013018b813458"},
    {file = "charset_normalizer-3.3.2-cp39-cp39-musllinux_1_1_ppc64le.whl", hash = "sha256:7f04c839ed0b6b98b1a7501a002144b76c18fb1c1850c8b98d458ac269e26ed2"},
    {file = "charset_normalizer-3.3.2-cp39-cp39-musllinux_1_1_s390x.whl", hash = "sha256:34d1c8da1e78d2e001f363791c98a272bb734000fcef47a491c1e3b0505657a8"},
    {file = "charset_normalizer-3.3.2-cp39-cp39-musllinux_1_1_x86_64.whl", hash = "sha256:ff8fa367d09b717b2a17a052544193ad76cd49979c805768879cb63d9ca50561"},
    {file = "charset_normalizer-3.3.2-cp39-cp39-win32.whl", hash = "sha256:aed38f6e4fb3f5d6bf81bfa990a07806be9d83cf7bacef998ab1a9bd660a581f"},
    {file = "charset_normalizer-3.3.2-cp39-cp39-win_amd64.whl", hash = "sha256:b01b88d45a6fcb69667cd6d2f7a9aeb4bf53760d7fc536bf679ec94fe9f3ff3d"},
    {file = "charset_normalizer-3.3.2-py3-none-any.whl", hash = "sha256:3e4d1f6587322d2788836a99c69062fbb091331ec940e02d12d179c1d53e25fc"},
]

[[package]]
name = "idna"
version = "3.7"
description = "Internationalized Domain Names in Applications (IDNA)"
optional = false
python-versions = ">=3.5"
files = [
    {file = "idna-3.7-py3-none-any.whl", hash = "sha256:82fee1fc78add43492d3a1898bfa6d8a904cc97d8427f683ed8e798d07761aa0"},
    {file = "idna-3.7.tar.gz", hash = "sha256:028ff3aadf0609c1fd278d8ea3089299412a7a8b9bd005dd08b9f8285bcb5cfc"},
]

[[package]]
name = "jellyfish"
version = "1.0.4"
description = "Approximate and phonetic matching of strings."
optional = false
python-versions = ">=3.7"
files = [
    {file = "jellyfish-1.0.4-cp310-cp310-macosx_10_12_x86_64.whl", hash = "sha256:f2cfa648575d1e8197cd61a1936929913916173aee8ee66210eb6a08b1a2fa11"},
    {file = "jellyfish-1.0.4-cp310-cp310-macosx_11_0_arm64.whl", hash = "sha256:3c915ce23a518d2289c63a502064bf970b9748d9e4164e21e36ebba40c07ad37"},
    {file = "jellyfish-1.0.4-cp310-cp310-manylinux_2_17_aarch64.manylinux2014_aarch64.whl", hash = "sha256:a001b0794aa84bcab311f6019289904ddf417b47ffe2b4796b41a8314bae3c1c"},
    {file = "jellyfish-1.0.4-cp310-cp310-manylinux_2_17_armv7l.manylinux2014_armv7l.whl", hash = "sha256:ffe094f4d5b1de72ed1e8bb3e729ada8915f096bc04c344aabb4327a669f272e"},
    {file = "jellyfish-1.0.4-cp310-cp310-manylinux_2_17_x86_64.manylinux2014_x86_64.whl", hash = "sha256:481689f6e1a695ddf44b7fe9250d0f86839d98ab5418115d8e52886d488fd259"},
    {file = "jellyfish-1.0.4-cp310-cp310-musllinux_1_1_aarch64.whl", hash = "sha256:30ccf4b1e6a6f9a54f60250f5d65898746186b93aceebfd0dc7159cbe5554db3"},
    {file = "jellyfish-1.0.4-cp310-cp310-musllinux_1_1_i686.whl", hash = "sha256:0459f8dc1d63a165f3848ed9f756107cff0d4990e3dffbaed839228073b628b7"},
    {file = "jellyfish-1.0.4-cp310-cp310-musllinux_1_1_x86_64.whl", hash = "sha256:1830f125dc2f41babd0101b2d67a325972f79e991af1e0a135d9efe2c890bbbc"},
    {file = "jellyfish-1.0.4-cp310-none-win32.whl", hash = "sha256:169634dc62f7bb9b93c03d3d7b5da327426023d47d58bd8b424c61aaaa33085c"},
    {file = "jellyfish-1.0.4-cp310-none-win_amd64.whl", hash = "sha256:5b87fca57f6240fe4658810587a0ff49f261a6a49943ad003bbc109c358cec2e"},
    {file = "jellyfish-1.0.4-cp311-cp311-macosx_10_12_x86_64.whl", hash = "sha256:1561cd0d1687113a5b1e4c4f0e1ab373fbc851af0c9c769a486f94f9ede27cd5"},
    {file = "jellyfish-1.0.4-cp311-cp311-macosx_11_0_arm64.whl", hash = "sha256:0d60ab87c542659bd71ed952fbc9c4186293e49016dd92ca79156fee6574a17d"},
    {file = "jellyfish-1.0.4-cp311-cp311-manylinux_2_17_aarch64.manylinux2014_aarch64.whl", hash = "sha256:6ceba547f96de1f58d29f87c816aab4ec02cbeb6606a48fcad1dcf35c1f06042"},
    {file = "jellyfish-1.0.4-cp311-cp311-manylinux_2_17_armv7l.manylinux2014_armv7l.whl", hash = "sha256:b1457d3de969f652d6396cb0329cae3f8d75e0851b335f106624bc991c63c80b"},
    {file = "jellyfish-1.0.4-cp311-cp311-manylinux_2_17_x86_64.manylinux2014_x86_64.whl", hash = "sha256:90384f8b4446a84682bb18051cdc17a069963fff1d0af03ccd2b044b62af6d44"},
    {file = "jellyfish-1.0.4-cp311-cp311-musllinux_1_1_aarch64.whl", hash = "sha256:896552560dcba125db074b980ccc17e123e9444593b272edb82254e4b30f0bd1"},
    {file = "jellyfish-1.0.4-cp311-cp311-musllinux_1_1_i686.whl", hash = "sha256:47b0914f375be24976f26ff1436f22dc9fa1ecf9513dbe7ebbee6af5f85409a2"},
    {file = "jellyfish-1.0.4-cp311-cp311-musllinux_1_1_x86_64.whl", hash = "sha256:1529a9f1627acffda79ab490ca3f67d35ee1e15c2d30b3f9f93be895b212c4c5"},
    {file = "jellyfish-1.0.4-cp311-none-win32.whl", hash = "sha256:4a47daa243798db689f8b1f3e6c811032075fd434e2af9dfea35a1553152e34e"},
    {file = "jellyfish-1.0.4-cp311-none-win_amd64.whl", hash = "sha256:1d42fdf67a34a346d906b0ab8d56db9cc68bf6497382650d4581ec0fc8eef342"},
    {file = "jellyfish-1.0.4-cp312-cp312-macosx_10_12_x86_64.whl", hash = "sha256:81f68a8ba074ef3630fab6e635d542708c6e7b5c504a546257b796835b28a5d5"},
    {file = "jellyfish-1.0.4-cp312-cp312-macosx_11_0_arm64.whl", hash = "sha256:535a7e99c2b6d456b06d160c950379f18cb72effeb856069eae5d024e09b4afd"},
    {file = "jellyfish-1.0.4-cp312-cp312-manylinux_2_17_aarch64.manylinux2014_aarch64.whl", hash = "sha256:76b7936b69687d788aabb86875c0780d6a77dbac9d1738503b0091af744ff79b"},
    {file = "jellyfish-1.0.4-cp312-cp312-manylinux_2_17_armv7l.manylinux2014_armv7l.whl", hash = "sha256:015997043c3eecbf686a71838028180d885f0dc4f7e99daf7194e1787ecd5909"},
    {file = "jellyfish-1.0.4-cp312-cp312-manylinux_2_17_x86_64.manylinux2014_x86_64.whl", hash = "sha256:66c7c6113565bcd3771882ff1c6a31573ef3ce755f882e1bf27b233c44a24f35"},
    {file = "jellyfish-1.0.4-cp312-cp312-musllinux_1_1_aarch64.whl", hash = "sha256:069d406850c68a43513a4ddbbf4191e83a2b8fb08119d708086a21c2cf6c406e"},
    {file = "jellyfish-1.0.4-cp312-cp312-musllinux_1_1_i686.whl", hash = "sha256:642dde8453ae45235c377ad3ce6cc990bf90fe9c4222896ab3f0f6c5609089a4"},
    {file = "jellyfish-1.0.4-cp312-cp312-musllinux_1_1_x86_64.whl", hash = "sha256:967723d8a1321327b3d6e9eada2db95659ff27ab6de8bb8dc82eefe1ce993333"},
    {file = "jellyfish-1.0.4-cp312-none-win32.whl", hash = "sha256:bd33becfa61956c8ebd12bcb7227d48156d7e4c289780bcccf06e55acde12bf6"},
    {file = "jellyfish-1.0.4-cp312-none-win_amd64.whl", hash = "sha256:c3addb4eebadd7cd4f6cdbff55a4a28caf2448333131b20661d4ff342f53e8a4"},
    {file = "jellyfish-1.0.4-cp38-cp38-macosx_10_12_x86_64.whl", hash = "sha256:b365ef28bed2673fffec38775aae36fd9d692ff3e2c6f331ed1898c00cd1f388"},
    {file = "jellyfish-1.0.4-cp38-cp38-macosx_11_0_arm64.whl", hash = "sha256:44329a7fa570a167144ef20d8d57dff7c59028ecc392cccd9385d23c321aa784"},
    {file = "jellyfish-1.0.4-cp38-cp38-manylinux_2_17_aarch64.manylinux2014_aarch64.whl", hash = "sha256:59f4d263d15d868372c2dcfe12007707d3448a9253a1d912230f213b456ca697"},
    {file = "jellyfish-1.0.4-cp38-cp38-manylinux_2_17_armv7l.manylinux2014_armv7l.whl", hash = "sha256:5dca33ca59163445c8afdedff7f47d7f27f0a88fabedfde4ea7197698adc6335"},
    {file = "jellyfish-1.0.4-cp38-cp38-manylinux_2_17_x86_64.manylinux2014_x86_64.whl", hash = "sha256:42056f50f5c604132ca50088253122c8a0bdbf8f37959b60f4fd75026396be3c"},
    {file = "jellyfish-1.0.4-cp38-cp38-musllinux_1_1_aarch64.whl", hash = "sha256:2c001b7cfb14216108dcc851ac39fb428ed82138dabcd6a20e051a2ec5cd6f9e"},
    {file = "jellyfish-1.0.4-cp38-cp38-musllinux_1_1_i686.whl", hash = "sha256:c9c713fb0012db4468c2aff8e3a6b6dbd63908563bec0f0ed508d280f0fc4937"},
    {file = "jellyfish-1.0.4-cp38-cp38-musllinux_1_1_x86_64.whl", hash = "sha256:d78874364780b2a6ec248c3d92fb5343cdc5dadaa552cc564eebe7941678303c"},
    {file = "jellyfish-1.0.4-cp38-none-win32.whl", hash = "sha256:363562fa5d99bc688a187ede4c05a9e220baf296a450fe1a24e2c02a65d0077c"},
    {file = "jellyfish-1.0.4-cp38-none-win_amd64.whl", hash = "sha256:27f51df4818fc3eea3ed32c9f50883c011c9e1f972cc2b04cef614d24179f427"},
    {file = "jellyfish-1.0.4-cp39-cp39-macosx_10_12_x86_64.whl", hash = "sha256:651f8c75bf4352427f1160c2b1d9e994862cc86a9ce2106e9c0c2d87e973ca88"},
    {file = "jellyfish-1.0.4-cp39-cp39-macosx_11_0_arm64.whl", hash = "sha256:a9fd3409238012c3d153b5d3ec5f3fe32648ceb6a86f67d42434f0f5f2447a28"},
    {file = "jellyfish-1.0.4-cp39-cp39-manylinux_2_17_aarch64.manylinux2014_aarch64.whl", hash = "sha256:e003e5db6607b46d7f1e321628a0a04e8f56adcbdd8aadfb6b61ec6764bc028a"},
    {file = "jellyfish-1.0.4-cp39-cp39-manylinux_2_17_armv7l.manylinux2014_armv7l.whl", hash = "sha256:2d443734829b7e38a4e4525cc572e6ff6e0588254ae346a11c976b935efdbc54"},
    {file = "jellyfish-1.0.4-cp39-cp39-manylinux_2_17_x86_64.manylinux2014_x86_64.whl", hash = "sha256:984e6307ed255224dc38370b953b48e6f13950209d76489ade582dedc66a001a"},
    {file = "jellyfish-1.0.4-cp39-cp39-musllinux_1_1_aarch64.whl", hash = "sha256:00e23fb1e87c8b99008fe0a9c00f509754cf0e1a74d9a975fc3737790e756679"},
    {file = "jellyfish-1.0.4-cp39-cp39-musllinux_1_1_i686.whl", hash = "sha256:f6f5aaa4f4326feb6754878f3875ee39c5df2e650abe04f9da28c80c3e341728"},
    {file = "jellyfish-1.0.4-cp39-cp39-musllinux_1_1_x86_64.whl", hash = "sha256:d40c3ebd4a00a55845b5653e4a5a8784a032a68e91ca3713163e446b48168887"},
    {file = "jellyfish-1.0.4-cp39-none-win32.whl", hash = "sha256:ce7a7c6ab717d7b8961d234a60c0e12f80a24b4b0ec213a2272f4cdba013b5f8"},
    {file = "jellyfish-1.0.4-cp39-none-win_amd64.whl", hash = "sha256:73e0789d20eda3923a6531693aca1ca6231bec12b9b7c6d7c2ed37b1889f40c1"},
    {file = "jellyfish-1.0.4-pp310-pypy310_pp73-manylinux_2_17_aarch64.manylinux2014_aarch64.whl", hash = "sha256:89f6db50049492c49b622e8e8c04c5494d4c96c92f0ae573288eefb809d60d1f"},
    {file = "jellyfish-1.0.4-pp310-pypy310_pp73-manylinux_2_17_armv7l.manylinux2014_armv7l.whl", hash = "sha256:f5af807b15db3c7d08c30911fbe82266ff1089f28ba5a682e87e3145943936cd"},
    {file = "jellyfish-1.0.4-pp310-pypy310_pp73-manylinux_2_17_x86_64.manylinux2014_x86_64.whl", hash = "sha256:17c7822dcb9e70b682604941852f6bba78b047b60d41d2df0e6a75a5d2b1bb78"},
    {file = "jellyfish-1.0.4-pp310-pypy310_pp73-musllinux_1_1_aarch64.whl", hash = "sha256:f581b0184ce7a000f38941b2c81a4480b5fd52cdeb5672f9f682d9e3adb8db84"},
    {file = "jellyfish-1.0.4-pp310-pypy310_pp73-musllinux_1_1_i686.whl", hash = "sha256:f5bc5e05616155306756abe2afda23caefb766b59c849d88285f67bcdcf5a5bb"},
    {file = "jellyfish-1.0.4-pp310-pypy310_pp73-musllinux_1_1_x86_64.whl", hash = "sha256:4de7c4e7245a2fa9d24bb75dd66aaf77b3521b2377883af0b6008740024ce598"},
    {file = "jellyfish-1.0.4-pp38-pypy38_pp73-macosx_10_12_x86_64.whl", hash = "sha256:e94d594b4b4902a5278346852227f9be281a4aa61907ecd00091451bce8279be"},
    {file = "jellyfish-1.0.4-pp38-pypy38_pp73-macosx_11_0_arm64.whl", hash = "sha256:91dc251d02dee6686a1dc31a30a0ea7d8f49781556272b1044cb1a942db75a40"},
    {file = "jellyfish-1.0.4-pp38-pypy38_pp73-manylinux_2_17_aarch64.manylinux2014_aarch64.whl", hash = "sha256:359aa8c0a55560bd0e6d17e2098b96428d91f066120a708ad889a729801a78b9"},
    {file = "jellyfish-1.0.4-pp38-pypy38_pp73-manylinux_2_17_armv7l.manylinux2014_armv7l.whl", hash = "sha256:02525584cb1d09f3b5b784685a63ba6e889bce240acef12161d7a6f428ea6c2e"},
    {file = "jellyfish-1.0.4-pp38-pypy38_pp73-manylinux_2_17_x86_64.manylinux2014_x86_64.whl", hash = "sha256:e9f9d82531af35123632bd02a4394c8783a6f81d89b5c1711bd4c1a6c800a8dc"},
    {file = "jellyfish-1.0.4-pp38-pypy38_pp73-musllinux_1_1_aarch64.whl", hash = "sha256:c54255f79a5d00a8261c48e75b483bf1ba2aa87655bd69d4cff805eab758c0f4"},
    {file = "jellyfish-1.0.4-pp38-pypy38_pp73-musllinux_1_1_i686.whl", hash = "sha256:209ccfbc135d150f6af2db9d3c13764f690aa6196fb74ecffd5394c367ed4938"},
    {file = "jellyfish-1.0.4-pp38-pypy38_pp73-musllinux_1_1_x86_64.whl", hash = "sha256:3ee641c1c68e0458cac4b9c8c4432d535de1bdd66e8514e541939094622b55cc"},
    {file = "jellyfish-1.0.4-pp39-pypy39_pp73-macosx_10_12_x86_64.whl", hash = "sha256:d9552ac0478d3015f93161e7d7e1a388b3204fac2a1a22aaf30d67c3670eb6f2"},
    {file = "jellyfish-1.0.4-pp39-pypy39_pp73-macosx_11_0_arm64.whl", hash = "sha256:2cc0a11166cb1cea0700585de63fa46252a5efa46bc31bc4d869b71e3c666ded"},
    {file = "jellyfish-1.0.4-pp39-pypy39_pp73-manylinux_2_17_aarch64.manylinux2014_aarch64.whl", hash = "sha256:6285981622d31c11994f2abcd0d35ec7661cba842538e59bfb735fbedf7b6531"},
    {file = "jellyfish-1.0.4-pp39-pypy39_pp73-manylinux_2_17_armv7l.manylinux2014_armv7l.whl", hash = "sha256:07e10f5ab014a626048ff7cd78a6a52c81845f89d94902371278c4be66d91909"},
    {file = "jellyfish-1.0.4-pp39-pypy39_pp73-manylinux_2_17_x86_64.manylinux2014_x86_64.whl", hash = "sha256:8eaa4f2cf78f34cfd41270968954b3bc1eed433b6e7d124786b8064021c110a5"},
    {file = "jellyfish-1.0.4-pp39-pypy39_pp73-musllinux_1_1_aarch64.whl", hash = "sha256:83e3c4b446da02926b382f8eb8b931e266927e82162adf4c57f0c55c2bf95b35"},
    {file = "jellyfish-1.0.4-pp39-pypy39_pp73-musllinux_1_1_i686.whl", hash = "sha256:d88f47c5c3d97f40b4aa42b83d7ca03707bd6bebd945c9532da6e25515bbeea4"},
    {file = "jellyfish-1.0.4-pp39-pypy39_pp73-musllinux_1_1_x86_64.whl", hash = "sha256:a4b717a510e64773c4f882b373d4aeda7d2b2b8ffae87c16a906426b7cd02d55"},
    {file = "jellyfish-1.0.4.tar.gz", hash = "sha256:72aabb3bedd513cdd20712242fd51173b59972c0b146b7a0b9c6f32f1656293f"},
]

[[package]]
name = "redis"
version = "5.0.4"
description = "Python client for Redis database and key-value store"
optional = false
python-versions = ">=3.7"
files = [
    {file = "redis-5.0.4-py3-none-any.whl", hash = "sha256:7adc2835c7a9b5033b7ad8f8918d09b7344188228809c98df07af226d39dec91"},
    {file = "redis-5.0.4.tar.gz", hash = "sha256:ec31f2ed9675cc54c21ba854cfe0462e6faf1d83c8ce5944709db8a4700b9c61"},
]

[package.dependencies]
async-timeout = {version = ">=4.0.3", markers = "python_full_version < \"3.11.3\""}

[package.extras]
hiredis = ["hiredis (>=1.0.0)"]
ocsp = ["cryptography (>=36.0.1)", "pyopenssl (==20.0.1)", "requests (>=2.26.0)"]

[[package]]
name = "requests"
version = "2.32.3"
description = "Python HTTP for Humans."
optional = false
python-versions = ">=3.8"
files = [
    {file = "requests-2.32.3-py3-none-any.whl", hash = "sha256:70761cfe03c773ceb22aa2f671b4757976145175cdfca038c02654d061d6dcc6"},
    {file = "requests-2.32.3.tar.gz", hash = "sha256:55365417734eb18255590a9ff9eb97e9e1da868d4ccd6402399eaf68af20a760"},
]

[package.dependencies]
certifi = ">=2017.4.17"
charset-normalizer = ">=2,<4"
idna = ">=2.5,<4"
urllib3 = ">=1.21.1,<3"

[package.extras]
socks = ["PySocks (>=1.5.6,!=1.5.7)"]
use-chardet-on-py3 = ["chardet (>=3.0.2,<6)"]

[[package]]
name = "spotipy"
version = "2.24.0"
description = "A light weight Python library for the Spotify Web API"
optional = false
python-versions = ">3.8"
files = [
    {file = "spotipy-2.24.0-py3-none-any.whl", hash = "sha256:c5aa7338c624a05a8a80dcf9c6761ded3d6bc2bc5df5f22d9398a895b11bd2ae"},
    {file = "spotipy-2.24.0.tar.gz", hash = "sha256:396af81e642086551af157270cdfe742c1739405871ba9dac1fa651b8649ef0d"},
]

[package.dependencies]
redis = ">=3.5.3"
requests = ">=2.25.0"
urllib3 = ">=1.26.0"

[package.extras]
memcache = ["pymemcache (>=3.5.2)"]
test = ["mock (==2.0.0)"]

[[package]]
name = "urllib3"
version = "2.2.1"
description = "HTTP library with thread-safe connection pooling, file post, and more."
optional = false
python-versions = ">=3.8"
files = [
    {file = "urllib3-2.2.1-py3-none-any.whl", hash = "sha256:450b20ec296a467077128bff42b73080516e71b56ff59a60a02bef2232c4fa9d"},
    {file = "urllib3-2.2.1.tar.gz", hash = "sha256:d0570876c61ab9e520d776c38acbbb5b05a776d3f9ff98a5c8fd5162a444cf19"},
]

[package.extras]
brotli = ["brotli (>=1.0.9)", "brotlicffi (>=0.8.0)"]
h2 = ["h2 (>=4,<5)"]
socks = ["pysocks (>=1.5.6,!=1.5.7,<2.0)"]
zstd = ["zstandard (>=0.18.0)"]

[metadata]
lock-version = "2.0"
python-versions = "^3.9"
content-hash = "867fd361e6ac32d42ecc34a1cf8642142b69a11a85c71501cfd9705a3194cc1b"
